{
  "name": "file-db-client",
  "version": "0.1.0",
  "lockfileVersion": 3,
  "requires": true,
  "packages": {
    "": {
      "name": "file-db-client",
      "version": "0.1.0",
      "license": "MIT",
      "dependencies": {
        "@pingpong-js/fetch": "^1.0.2"
      },
      "devDependencies": {
        "typescript": "^5"
      }
    },
    "node_modules/@pingpong-js/core": {
      "version": "1.0.1",
      "resolved": "https://registry.npmjs.org/@pingpong-js/core/-/core-1.0.1.tgz",
      "integrity": "sha512-Qg3pxyzx6EiLx8Owyl9AmRTX2b9m1XXYQ8GOtc1e+O+SAPaUMsAtMuG3Dzks4bvP56IBvdg+Bat7UxvnWpZAMw==",
      "license": "MIT",
      "engines": {
        "node": ">=18.0.0"
      }
    },
    "node_modules/@pingpong-js/fetch": {
      "version": "1.0.2",
      "resolved": "https://registry.npmjs.org/@pingpong-js/fetch/-/fetch-1.0.2.tgz",
      "integrity": "sha512-4Ae4R/v9ncuKhO65XXgsDbs5uetDFssEWJBOPhpcYcDTilwKKwKtOLqQBmQpUvqKwAYJ58csJ7AWveG0qnwlrg==",
      "license": "MIT",
      "dependencies": {
        "@pingpong-js/core": "^1.0.1",
        "undici": "^7.16.0"
      },
      "engines": {
        "node": ">=18.0.0"
      }
    },
    "node_modules/typescript": {
      "version": "5.9.3",
      "resolved": "https://registry.npmjs.org/typescript/-/typescript-5.9.3.tgz",
      "integrity": "sha512-jl1vZzPDinLr9eUt3J/t7V6FgNEw9QjvBPdysz9KfQDD41fQrC2Y4vKQdiaUpFT4bXlb1RHhLpp8wtm6M5TgSw==",
      "dev": true,
      "license": "Apache-2.0",
      "bin": {
        "tsc": "bin/tsc",
        "tsserver": "bin/tsserver"
      },
      "engines": {
        "node": ">=14.17"
      }
    },
    "node_modules/undici": {
      "version": "7.22.0",
      "resolved": "https://registry.npmjs.org/undici/-/undici-7.22.0.tgz",
      "integrity": "sha512-RqslV2Us5BrllB+JeiZnK4peryVTndy9Dnqq62S3yYRRTj0tFQCwEniUy2167skdGOy3vqRzEvl1Dm4sV2ReDg==",
      "license": "MIT",
      "engines": {
        "node": ">=20.18.1"
      }
    }
  }
}
